
Microsoft Visual Studio Solution File, Format Version 12.00
Project("{2150E333-8FDC-42A3-9474-1A3956D46DE8}") = "API", "API", "{76C80933-2C34-47C5-A94F-13FBDA6C9177}"
EndProject
Project("{2150E333-8FDC-42A3-9474-1A3956D46DE8}") = "Clients", "Clients", "{7EF81727-B8F7-4C48-B9D3-CA15015C4CD5}"
EndProject
Project("{2150E333-8FDC-42A3-9474-1A3956D46DE8}") = "Tests", "Tests", "{E1D21A43-7CFF-4A3B-BC47-84108E783966}"
EndProject
Project("{2150E333-8FDC-42A3-9474-1A3956D46DE8}") = "Utils", "Utils", "{CFC93025-0120-45E5-85D5-991131165E59}"
EndProject
Project("{2150E333-8FDC-42A3-9474-1A3956D46DE8}") = "Web", "Web", "{420E3765-BA26-4812-A8F7-98F5FD976CF3}"
EndProject
Project("{2150E333-8FDC-42A3-9474-1A3956D46DE8}") = "WPF", "WPF", "{837DC6CE-35DF-41B2-ABEA-DEC5FA501461}"
EndProject
Project("{FAE04EC0-301F-11D3-BF4B-00C04F79EFBC}") = "Elia.Core", "Elia.Core\Elia.Core.csproj", "{955DB1DC-24A8-4C24-9BB2-ADC5155F48D4}"
EndProject
Project("{FAE04EC0-301F-11D3-BF4B-00C04F79EFBC}") = "Elia.Share.ASP", "Elia.Share.ASP\Elia.Share.ASP.csproj", "{5F3403DD-E1FA-40A0-A8DB-089545F2887F}"
EndProject
Project("{FAE04EC0-301F-11D3-BF4B-00C04F79EFBC}") = "Elia.Share.WPF", "Elia.Share.WPF\Elia.Share.WPF.csproj", "{9B519442-198F-4CA4-A68D-9D0BBC261C39}"
EndProject
Project("{FAE04EC0-301F-11D3-BF4B-00C04F79EFBC}") = "Brewery.BO", "Brewery.BO\Brewery.BO.csproj", "{EB2F0353-0FF3-4018-99EC-A534F85F509C}"
EndProject
Project("{FAE04EC0-301F-11D3-BF4B-00C04F79EFBC}") = "Brewery.DAL", "Brewery.DAL\Brewery.DAL.csproj", "{1218F8DF-CE85-4D0C-9657-D00624303392}"
EndProject
Project("{FAE04EC0-301F-11D3-BF4B-00C04F79EFBC}") = "Brewery.BL", "Brewery.BL\Brewery.BL.csproj", "{694A7712-6A23-4B77-9542-9825C935592D}"
EndProject
Project("{FAE04EC0-301F-11D3-BF4B-00C04F79EFBC}") = "Brewery.Context", "Brewery.Context\Brewery.Context.csproj", "{DB7F48C9-59B3-4362-A318-A16210C80D35}"
EndProject
Project("{FAE04EC0-301F-11D3-BF4B-00C04F79EFBC}") = "Brewery.Web", "Brewery.Web\Brewery.Web.csproj", "{D4CDEFFA-2CF2-46B2-BC2A-EB21A9DCFBE3}"
EndProject
Project("{FAE04EC0-301F-11D3-BF4B-00C04F79EFBC}") = "Brewery.ViewModel", "Brewery.ViewModel\Brewery.ViewModel.csproj", "{7A7B40D2-3B7D-48EA-B430-810D1C3ABA8F}"
EndProject
Project("{FAE04EC0-301F-11D3-BF4B-00C04F79EFBC}") = "Brewery.GUI", "Brewery.GUI\Brewery.GUI.csproj", "{9A9CA367-FADC-490A-A275-1F530DD2B143}"
EndProject
Project("{FAE04EC0-301F-11D3-BF4B-00C04F79EFBC}") = "Brewery.BL.Client", "Brewery.BL.Client\Brewery.BL.Client.csproj", "{0A0B84E1-41FB-4C88-A426-64D08BFB7107}"
EndProject
Project("{FAE04EC0-301F-11D3-BF4B-00C04F79EFBC}") = "Brewery.Tests", "Brewery.Tests\Brewery.Tests.csproj", "{6706A73A-8E41-44F8-83FA-912DBB6433CD}"
EndProject
Project("{FAE04EC0-301F-11D3-BF4B-00C04F79EFBC}") = "Brewery.Web.Spec", "Brewery.Web.Spec\Brewery.Web.Spec.csproj", "{E195D46A-5AA8-4E60-B44B-A5020B092545}"
EndProject
Project("{FAE04EC0-301F-11D3-BF4B-00C04F79EFBC}") = "Brewery.API.Spec", "Brewery.API.Spec\Brewery.API.Spec.csproj", "{EAFF3AFC-51D1-48F4-AD8C-299EAAB78249}"
EndProject
Project("{FAE04EC0-301F-11D3-BF4B-00C04F79EFBC}") = "Brewery.GUI.Spec", "Brewery.GUI.Spec\Brewery.GUI.Spec.csproj", "{04AFFB5D-814C-4C1E-AAE5-378CD617574C}"
EndProject
Project("{FAE04EC0-301F-11D3-BF4B-00C04F79EFBC}") = "Brewery.API", "Brewery.API\Brewery.API.csproj", "{DAAD01FC-3012-4F45-BE66-56A038165A8F}"
EndProject
Global
	GlobalSection(SolutionConfigurationPlatforms) = preSolution
		Debug|Any CPU = Debug|Any CPU
		Release|Any CPU = Release|Any CPU
	EndGlobalSection
	GlobalSection(NestedProjects) = preSolution
		{420E3765-BA26-4812-A8F7-98F5FD976CF3} = {7EF81727-B8F7-4C48-B9D3-CA15015C4CD5}
		{837DC6CE-35DF-41B2-ABEA-DEC5FA501461} = {7EF81727-B8F7-4C48-B9D3-CA15015C4CD5}
		{955DB1DC-24A8-4C24-9BB2-ADC5155F48D4} = {CFC93025-0120-45E5-85D5-991131165E59}
		{5F3403DD-E1FA-40A0-A8DB-089545F2887F} = {CFC93025-0120-45E5-85D5-991131165E59}
		{9B519442-198F-4CA4-A68D-9D0BBC261C39} = {CFC93025-0120-45E5-85D5-991131165E59}
		{EB2F0353-0FF3-4018-99EC-A534F85F509C} = {76C80933-2C34-47C5-A94F-13FBDA6C9177}
		{1218F8DF-CE85-4D0C-9657-D00624303392} = {76C80933-2C34-47C5-A94F-13FBDA6C9177}
		{694A7712-6A23-4B77-9542-9825C935592D} = {76C80933-2C34-47C5-A94F-13FBDA6C9177}
		{DB7F48C9-59B3-4362-A318-A16210C80D35} = {76C80933-2C34-47C5-A94F-13FBDA6C9177}
		{D4CDEFFA-2CF2-46B2-BC2A-EB21A9DCFBE3} = {420E3765-BA26-4812-A8F7-98F5FD976CF3}
		{7A7B40D2-3B7D-48EA-B430-810D1C3ABA8F} = {837DC6CE-35DF-41B2-ABEA-DEC5FA501461}
		{9A9CA367-FADC-490A-A275-1F530DD2B143} = {837DC6CE-35DF-41B2-ABEA-DEC5FA501461}
		{0A0B84E1-41FB-4C88-A426-64D08BFB7107} = {7EF81727-B8F7-4C48-B9D3-CA15015C4CD5}
		{6706A73A-8E41-44F8-83FA-912DBB6433CD} = {E1D21A43-7CFF-4A3B-BC47-84108E783966}
		{E195D46A-5AA8-4E60-B44B-A5020B092545} = {E1D21A43-7CFF-4A3B-BC47-84108E783966}
		{EAFF3AFC-51D1-48F4-AD8C-299EAAB78249} = {E1D21A43-7CFF-4A3B-BC47-84108E783966}
		{04AFFB5D-814C-4C1E-AAE5-378CD617574C} = {E1D21A43-7CFF-4A3B-BC47-84108E783966}
		{DAAD01FC-3012-4F45-BE66-56A038165A8F} = {76C80933-2C34-47C5-A94F-13FBDA6C9177}
	EndGlobalSection
	GlobalSection(ProjectConfigurationPlatforms) = postSolution
		{955DB1DC-24A8-4C24-9BB2-ADC5155F48D4}.Debug|Any CPU.ActiveCfg = Debug|Any CPU
		{955DB1DC-24A8-4C24-9BB2-ADC5155F48D4}.Debug|Any CPU.Build.0 = Debug|Any CPU
		{955DB1DC-24A8-4C24-9BB2-ADC5155F48D4}.Release|Any CPU.ActiveCfg = Release|Any CPU
		{955DB1DC-24A8-4C24-9BB2-ADC5155F48D4}.Release|Any CPU.Build.0 = Release|Any CPU
		{5F3403DD-E1FA-40A0-A8DB-089545F2887F}.Debug|Any CPU.ActiveCfg = Debug|Any CPU
		{5F3403DD-E1FA-40A0-A8DB-089545F2887F}.Debug|Any CPU.Build.0 = Debug|Any CPU
		{5F3403DD-E1FA-40A0-A8DB-089545F2887F}.Release|Any CPU.ActiveCfg = Release|Any CPU
		{5F3403DD-E1FA-40A0-A8DB-089545F2887F}.Release|Any CPU.Build.0 = Release|Any CPU
		{9B519442-198F-4CA4-A68D-9D0BBC261C39}.Debug|Any CPU.ActiveCfg = Debug|Any CPU
		{9B519442-198F-4CA4-A68D-9D0BBC261C39}.Debug|Any CPU.Build.0 = Debug|Any CPU
		{9B519442-198F-4CA4-A68D-9D0BBC261C39}.Release|Any CPU.ActiveCfg = Release|Any CPU
		{9B519442-198F-4CA4-A68D-9D0BBC261C39}.Release|Any CPU.Build.0 = Release|Any CPU
		{EB2F0353-0FF3-4018-99EC-A534F85F509C}.Debug|Any CPU.ActiveCfg = Debug|Any CPU
		{EB2F0353-0FF3-4018-99EC-A534F85F509C}.Debug|Any CPU.Build.0 = Debug|Any CPU
		{EB2F0353-0FF3-4018-99EC-A534F85F509C}.Release|Any CPU.ActiveCfg = Release|Any CPU
		{EB2F0353-0FF3-4018-99EC-A534F85F509C}.Release|Any CPU.Build.0 = Release|Any CPU
		{1218F8DF-CE85-4D0C-9657-D00624303392}.Debug|Any CPU.ActiveCfg = Debug|Any CPU
		{1218F8DF-CE85-4D0C-9657-D00624303392}.Debug|Any CPU.Build.0 = Debug|Any CPU
		{1218F8DF-CE85-4D0C-9657-D00624303392}.Release|Any CPU.ActiveCfg = Release|Any CPU
		{1218F8DF-CE85-4D0C-9657-D00624303392}.Release|Any CPU.Build.0 = Release|Any CPU
		{694A7712-6A23-4B77-9542-9825C935592D}.Debug|Any CPU.ActiveCfg = Debug|Any CPU
		{694A7712-6A23-4B77-9542-9825C935592D}.Debug|Any CPU.Build.0 = Debug|Any CPU
		{694A7712-6A23-4B77-9542-9825C935592D}.Release|Any CPU.ActiveCfg = Release|Any CPU
		{694A7712-6A23-4B77-9542-9825C935592D}.Release|Any CPU.Build.0 = Release|Any CPU
		{DB7F48C9-59B3-4362-A318-A16210C80D35}.Debug|Any CPU.ActiveCfg = Debug|Any CPU
		{DB7F48C9-59B3-4362-A318-A16210C80D35}.Debug|Any CPU.Build.0 = Debug|Any CPU
		{DB7F48C9-59B3-4362-A318-A16210C80D35}.Release|Any CPU.ActiveCfg = Release|Any CPU
		{DB7F48C9-59B3-4362-A318-A16210C80D35}.Release|Any CPU.Build.0 = Release|Any CPU
		{D4CDEFFA-2CF2-46B2-BC2A-EB21A9DCFBE3}.Debug|Any CPU.ActiveCfg = Debug|Any CPU
		{D4CDEFFA-2CF2-46B2-BC2A-EB21A9DCFBE3}.Debug|Any CPU.Build.0 = Debug|Any CPU
		{D4CDEFFA-2CF2-46B2-BC2A-EB21A9DCFBE3}.Release|Any CPU.ActiveCfg = Release|Any CPU
		{D4CDEFFA-2CF2-46B2-BC2A-EB21A9DCFBE3}.Release|Any CPU.Build.0 = Release|Any CPU
		{7A7B40D2-3B7D-48EA-B430-810D1C3ABA8F}.Debug|Any CPU.ActiveCfg = Debug|Any CPU
		{7A7B40D2-3B7D-48EA-B430-810D1C3ABA8F}.Debug|Any CPU.Build.0 = Debug|Any CPU
		{7A7B40D2-3B7D-48EA-B430-810D1C3ABA8F}.Release|Any CPU.ActiveCfg = Release|Any CPU
		{7A7B40D2-3B7D-48EA-B430-810D1C3ABA8F}.Release|Any CPU.Build.0 = Release|Any CPU
		{9A9CA367-FADC-490A-A275-1F530DD2B143}.Debug|Any CPU.ActiveCfg = Debug|Any CPU
		{9A9CA367-FADC-490A-A275-1F530DD2B143}.Debug|Any CPU.Build.0 = Debug|Any CPU
		{9A9CA367-FADC-490A-A275-1F530DD2B143}.Release|Any CPU.ActiveCfg = Release|Any CPU
		{9A9CA367-FADC-490A-A275-1F530DD2B143}.Release|Any CPU.Build.0 = Release|Any CPU
		{0A0B84E1-41FB-4C88-A426-64D08BFB7107}.Debug|Any CPU.ActiveCfg = Debug|Any CPU
		{0A0B84E1-41FB-4C88-A426-64D08BFB7107}.Debug|Any CPU.Build.0 = Debug|Any CPU
		{0A0B84E1-41FB-4C88-A426-64D08BFB7107}.Release|Any CPU.ActiveCfg = Release|Any CPU
		{0A0B84E1-41FB-4C88-A426-64D08BFB7107}.Release|Any CPU.Build.0 = Release|Any CPU
		{6706A73A-8E41-44F8-83FA-912DBB6433CD}.Debug|Any CPU.ActiveCfg = Debug|Any CPU
		{6706A73A-8E41-44F8-83FA-912DBB6433CD}.Debug|Any CPU.Build.0 = Debug|Any CPU
		{6706A73A-8E41-44F8-83FA-912DBB6433CD}.Release|Any CPU.ActiveCfg = Release|Any CPU
		{6706A73A-8E41-44F8-83FA-912DBB6433CD}.Release|Any CPU.Build.0 = Release|Any CPU
		{E195D46A-5AA8-4E60-B44B-A5020B092545}.Debug|Any CPU.ActiveCfg = Debug|Any CPU
		{E195D46A-5AA8-4E60-B44B-A5020B092545}.Debug|Any CPU.Build.0 = Debug|Any CPU
		{E195D46A-5AA8-4E60-B44B-A5020B092545}.Release|Any CPU.ActiveCfg = Release|Any CPU
		{E195D46A-5AA8-4E60-B44B-A5020B092545}.Release|Any CPU.Build.0 = Release|Any CPU
		{EAFF3AFC-51D1-48F4-AD8C-299EAAB78249}.Debug|Any CPU.ActiveCfg = Debug|Any CPU
		{EAFF3AFC-51D1-48F4-AD8C-299EAAB78249}.Debug|Any CPU.Build.0 = Debug|Any CPU
		{EAFF3AFC-51D1-48F4-AD8C-299EAAB78249}.Release|Any CPU.ActiveCfg = Release|Any CPU
		{EAFF3AFC-51D1-48F4-AD8C-299EAAB78249}.Release|Any CPU.Build.0 = Release|Any CPU
		{04AFFB5D-814C-4C1E-AAE5-378CD617574C}.Debug|Any CPU.ActiveCfg = Debug|Any CPU
		{04AFFB5D-814C-4C1E-AAE5-378CD617574C}.Debug|Any CPU.Build.0 = Debug|Any CPU
		{04AFFB5D-814C-4C1E-AAE5-378CD617574C}.Release|Any CPU.ActiveCfg = Release|Any CPU
		{04AFFB5D-814C-4C1E-AAE5-378CD617574C}.Release|Any CPU.Build.0 = Release|Any CPU
		{DAAD01FC-3012-4F45-BE66-56A038165A8F}.Debug|Any CPU.ActiveCfg = Debug|Any CPU
		{DAAD01FC-3012-4F45-BE66-56A038165A8F}.Debug|Any CPU.Build.0 = Debug|Any CPU
		{DAAD01FC-3012-4F45-BE66-56A038165A8F}.Release|Any CPU.ActiveCfg = Release|Any CPU
		{DAAD01FC-3012-4F45-BE66-56A038165A8F}.Release|Any CPU.Build.0 = Release|Any CPU
	EndGlobalSection
EndGlobal
